
Microsoft Visual Studio Solution File, Format Version 12.00
# Visual Studio Version 17
VisualStudioVersion = 17.1.32414.318
MinimumVisualStudioVersion = 10.0.40219.1
Project("{FAE04EC0-301F-11D3-BF4B-00C04F79EFBC}") = "AntiInject", "AntiInject\AntiInject.csproj", "{055BC263-1DE8-4BA9-A8EC-E07F6DAE5355}"
EndProject
Global
	GlobalSection(SolutionConfigurationPlatforms) = preSolution
		Debug|Any CPU = Debug|Any CPU
		Release|Any CPU = Release|Any CPU
	EndGlobalSection
	GlobalSection(ProjectConfigurationPlatforms) = postSolution
		{055BC263-1DE8-4BA9-A8EC-E07F6DAE5355}.Debug|Any CPU.ActiveCfg = Debug|Any CPU
		{055BC263-1DE8-4BA9-A8EC-E07F6DAE5355}.Debug|Any CPU.Build.0 = Debug|Any CPU
		{055BC263-1DE8-4BA9-A8EC-E07F6DAE5355}.Release|Any CPU.ActiveCfg = Release|Any CPU
		{055BC263-1DE8-4BA9-A8EC-E07F6DAE5355}.Release|Any CPU.Build.0 = Release|Any CPU
	EndGlobalSection
	GlobalSection(SolutionProperties) = preSolution
		HideSolutionNode = FALSE
	EndGlobalSection
	GlobalSection(ExtensibilityGlobals) = postSolution
		SolutionGuid = {014F9523-CD9A-435C-9CE2-BF9C5AD9D267}
	EndGlobalSection
EndGlobal
